
Microsoft Visual Studio Solution File, Format Version 12.00
# Visual Studio Version 16
VisualStudioVersion = 16.0.31205.134
MinimumVisualStudioVersion = 10.0.40219.1
Project("{FAE04EC0-301F-11D3-BF4B-00C04F79EFBC}") = "NeuralNetworks", "..\..\neuralnetworks-master\NeuralNetworks\NeuralNetworks.csproj", "{2E9119D6-1844-4441-BBEC-2EB4896B0099}"
EndProject
Project("{FAE04EC0-301F-11D3-BF4B-00C04F79EFBC}") = "NeuralNetworksTests", "..\..\neuralnetworks-master\NeuralNetworksTests\NeuralNetworksTests.csproj", "{A1C628CB-56B0-4E21-A00C-E9DFE498BE9B}"
EndProject
Global
	GlobalSection(SolutionConfigurationPlatforms) = preSolution
		Debug|Any CPU = Debug|Any CPU
		Release|Any CPU = Release|Any CPU
	EndGlobalSection
	GlobalSection(ProjectConfigurationPlatforms) = postSolution
		{2E9119D6-1844-4441-BBEC-2EB4896B0099}.Debug|Any CPU.ActiveCfg = Debug|Any CPU
		{2E9119D6-1844-4441-BBEC-2EB4896B0099}.Debug|Any CPU.Build.0 = Debug|Any CPU
		{2E9119D6-1844-4441-BBEC-2EB4896B0099}.Release|Any CPU.ActiveCfg = Release|Any CPU
		{2E9119D6-1844-4441-BBEC-2EB4896B0099}.Release|Any CPU.Build.0 = Release|Any CPU
		{A1C628CB-56B0-4E21-A00C-E9DFE498BE9B}.Debug|Any CPU.ActiveCfg = Debug|Any CPU
		{A1C628CB-56B0-4E21-A00C-E9DFE498BE9B}.Debug|Any CPU.Build.0 = Debug|Any CPU
		{A1C628CB-56B0-4E21-A00C-E9DFE498BE9B}.Release|Any CPU.ActiveCfg = Release|Any CPU
		{A1C628CB-56B0-4E21-A00C-E9DFE498BE9B}.Release|Any CPU.Build.0 = Release|Any CPU
	EndGlobalSection
	GlobalSection(SolutionProperties) = preSolution
		HideSolutionNode = FALSE
	EndGlobalSection
	GlobalSection(ExtensibilityGlobals) = postSolution
		SolutionGuid = {764DBA2B-2EB5-43AD-9E1C-F25F0E92DADA}
	EndGlobalSection
EndGlobal
